// !$*UTF8*$!
{
	archiveVersion = 1;
	classes = {
	};
	objectVersion = 50;
	objects = {

/* Begin PBXBuildFile section */
		AC02636B25FFCEA400B99FED /* CoreDataStack.swift in Sources */ = {isa = PBXBuildFile; fileRef = AC02636A25FFCEA400B99FED /* CoreDataStack.swift */; };
		AC02636E25FFD10B00B99FED /* CardPersistenceManager.swift in Sources */ = {isa = PBXBuildFile; fileRef = AC02636D25FFD10B00B99FED /* CardPersistenceManager.swift */; };
		AC02637225FFDE9000B99FED /* DeckPersistenceManager.swift in Sources */ = {isa = PBXBuildFile; fileRef = AC02637125FFDE9000B99FED /* DeckPersistenceManager.swift */; };
		AC0B57C125E15FB000B03231 /* NSNotification.Name+CustomNames.swift in Sources */ = {isa = PBXBuildFile; fileRef = AC0B57C025E15FB000B03231 /* NSNotification.Name+CustomNames.swift */; };
		AC0E06A625E3BF7F00C9DA2E /* NSLayoutConstraint+withPriority().swift in Sources */ = {isa = PBXBuildFile; fileRef = AC0E06A525E3BF7F00C9DA2E /* NSLayoutConstraint+withPriority().swift */; };
		AC1AECBE25FDE45500F7C2DB /* UIView+setAxisAnchors().swift in Sources */ = {isa = PBXBuildFile; fileRef = AC1AECBD25FDE45500F7C2DB /* UIView+setAxisAnchors().swift */; };
		AC212E8025EBBA56002869AC /* DecksViewModel.swift in Sources */ = {isa = PBXBuildFile; fileRef = AC212E7F25EBBA56002869AC /* DecksViewModel.swift */; };
		AC29C89E25EE54C8007262F7 /* CardsViewModel.swift in Sources */ = {isa = PBXBuildFile; fileRef = AC29C89D25EE54C8007262F7 /* CardsViewModel.swift */; };
		AC4AC43125FBCB03004B2454 /* CurvedTabBar.swift in Sources */ = {isa = PBXBuildFile; fileRef = AC4AC43025FBCB03004B2454 /* CurvedTabBar.swift */; };
		AC4AC43F25FC810E004B2454 /* CurvedTabBarViewController.swift in Sources */ = {isa = PBXBuildFile; fileRef = AC4AC43D25FC810E004B2454 /* CurvedTabBarViewController.swift */; };
		AC4AC44325FC9409004B2454 /* CurvedTabBarViewController.storyboard in Resources */ = {isa = PBXBuildFile; fileRef = AC4AC44225FC9409004B2454 /* CurvedTabBarViewController.storyboard */; };
		AC4D76302600827A0035D098 /* CardPersistenceManagerTestCase.swift in Sources */ = {isa = PBXBuildFile; fileRef = AC4D762F2600827A0035D098 /* CardPersistenceManagerTestCase.swift */; };
		AC4D7634260082A10035D098 /* TestCoreDataStack.swift in Sources */ = {isa = PBXBuildFile; fileRef = AC4D7633260082A10035D098 /* TestCoreDataStack.swift */; };
		AC4D7638260082D10035D098 /* CardViewModelTestCase.swift in Sources */ = {isa = PBXBuildFile; fileRef = AC4D7637260082D10035D098 /* CardViewModelTestCase.swift */; };
		AC4D763C2600BE580035D098 /* TestNotificationCenter.swift in Sources */ = {isa = PBXBuildFile; fileRef = AC4D763B2600BE580035D098 /* TestNotificationCenter.swift */; };
		AC6BC0BC25DA75FB0096E486 /* CardManagerViewModel.swift in Sources */ = {isa = PBXBuildFile; fileRef = AC6BC0BB25DA75FB0096E486 /* CardManagerViewModel.swift */; };
		AC792A8625E17614006CCAA6 /* Action.swift in Sources */ = {isa = PBXBuildFile; fileRef = AC792A8525E17614006CCAA6 /* Action.swift */; };
		AC7B69F025ED0FEF0003A60A /* Coordinator.swift in Sources */ = {isa = PBXBuildFile; fileRef = AC7B69EF25ED0FEF0003A60A /* Coordinator.swift */; };
		AC8C98E625E5095000CE1B65 /* LearningCardViewModel.swift in Sources */ = {isa = PBXBuildFile; fileRef = AC8C98E525E5095000CE1B65 /* LearningCardViewModel.swift */; };
		AC94B46725E3742800EB497C /* LearningCardViewController.swift in Sources */ = {isa = PBXBuildFile; fileRef = AC94B46625E3742800EB497C /* LearningCardViewController.swift */; };
		AC9888FD25D170280042AA8E /* Protocols.swift in Sources */ = {isa = PBXBuildFile; fileRef = AC9888FC25D170280042AA8E /* Protocols.swift */; };
		AC9B4C1525E9035700047297 /* AnswerComplexity.swift in Sources */ = {isa = PBXBuildFile; fileRef = AC9B4C1425E9035700047297 /* AnswerComplexity.swift */; };
		ACA08E4F25F920DF00A99FCF /* DecksCollectionView.swift in Sources */ = {isa = PBXBuildFile; fileRef = ACA08E4E25F920DF00A99FCF /* DecksCollectionView.swift */; };
		ACA08E5225F9258600A99FCF /* DecksViewController.swift in Sources */ = {isa = PBXBuildFile; fileRef = ACA08E5125F9258600A99FCF /* DecksViewController.swift */; };
		ACD20D4225EF85A6001B3B07 /* Card+CoreDataClass.swift in Sources */ = {isa = PBXBuildFile; fileRef = ACD20D3E25EF85A6001B3B07 /* Card+CoreDataClass.swift */; };
		ACD20D4325EF85A6001B3B07 /* Card+CoreDataProperties.swift in Sources */ = {isa = PBXBuildFile; fileRef = ACD20D3F25EF85A6001B3B07 /* Card+CoreDataProperties.swift */; };
		ACD20D4425EF85A7001B3B07 /* Deck+CoreDataClass.swift in Sources */ = {isa = PBXBuildFile; fileRef = ACD20D4025EF85A6001B3B07 /* Deck+CoreDataClass.swift */; };
		ACD20D4525EF85A7001B3B07 /* Deck+CoreDataProperties.swift in Sources */ = {isa = PBXBuildFile; fileRef = ACD20D4125EF85A6001B3B07 /* Deck+CoreDataProperties.swift */; };
		ACFDAF0125D699220029DF28 /* CardManagerViewController.swift in Sources */ = {isa = PBXBuildFile; fileRef = ACFDAF0025D699220029DF28 /* CardManagerViewController.swift */; };
		F703CBD525C3FD8D001BDC4A /* CardsViewController.swift in Sources */ = {isa = PBXBuildFile; fileRef = F703CBD425C3FD8D001BDC4A /* CardsViewController.swift */; };
		F703CBD925C3FECD001BDC4A /* UIView+embed().swift in Sources */ = {isa = PBXBuildFile; fileRef = F703CBD825C3FECD001BDC4A /* UIView+embed().swift */; };
		F706189625BFFF6700E871C5 /* HomeViewController.swift in Sources */ = {isa = PBXBuildFile; fileRef = F706189525BFFF6700E871C5 /* HomeViewController.swift */; };
		F71F799225BB07AF009416EE /* Model.xcdatamodeld in Sources */ = {isa = PBXBuildFile; fileRef = F71F799025BB07AF009416EE /* Model.xcdatamodeld */; };
		F78048EA25C4279F00A2EDEC /* CardTableViewCell.swift in Sources */ = {isa = PBXBuildFile; fileRef = F78048E925C4279F00A2EDEC /* CardTableViewCell.swift */; };
		F789766525CA91A9009DC5B9 /* CardView.swift in Sources */ = {isa = PBXBuildFile; fileRef = F789766425CA91A9009DC5B9 /* CardView.swift */; };
		F789766925CAA3EB009DC5B9 /* CardViewModel.swift in Sources */ = {isa = PBXBuildFile; fileRef = F789766825CAA3EB009DC5B9 /* CardViewModel.swift */; };
		F789766E25CAC06B009DC5B9 /* Observable.swift in Sources */ = {isa = PBXBuildFile; fileRef = F789766D25CAC06B009DC5B9 /* Observable.swift */; };
		F7C18A0F25C023C000317C69 /* LearningDecksTableViewCell.swift in Sources */ = {isa = PBXBuildFile; fileRef = F7C18A0E25C023C000317C69 /* LearningDecksTableViewCell.swift */; };
		F7C18A1425C026E200317C69 /* DeckCollectionViewCell.swift in Sources */ = {isa = PBXBuildFile; fileRef = F7C18A1325C026E200317C69 /* DeckCollectionViewCell.swift */; };
		F7DDFF8225BAAA9200BF9D75 /* AppDelegate.swift in Sources */ = {isa = PBXBuildFile; fileRef = F7DDFF8125BAAA9200BF9D75 /* AppDelegate.swift */; };
		F7DDFF8425BAAA9200BF9D75 /* SceneDelegate.swift in Sources */ = {isa = PBXBuildFile; fileRef = F7DDFF8325BAAA9200BF9D75 /* SceneDelegate.swift */; };
		F7DDFF8B25BAAA9700BF9D75 /* Assets.xcassets in Resources */ = {isa = PBXBuildFile; fileRef = F7DDFF8A25BAAA9700BF9D75 /* Assets.xcassets */; };
		F7DDFF8E25BAAA9700BF9D75 /* LaunchScreen.storyboard in Resources */ = {isa = PBXBuildFile; fileRef = F7DDFF8C25BAAA9700BF9D75 /* LaunchScreen.storyboard */; };
/* End PBXBuildFile section */

/* Begin PBXContainerItemProxy section */
		AC4D76262600821E0035D098 /* PBXContainerItemProxy */ = {
			isa = PBXContainerItemProxy;
			containerPortal = F7DDFF7625BAAA9200BF9D75 /* Project object */;
			proxyType = 1;
			remoteGlobalIDString = F7DDFF7D25BAAA9200BF9D75;
			remoteInfo = MemoryCard;
		};
/* End PBXContainerItemProxy section */

/* Begin PBXFileReference section */
		AC02636A25FFCEA400B99FED /* CoreDataStack.swift */ = {isa = PBXFileReference; lastKnownFileType = sourcecode.swift; path = CoreDataStack.swift; sourceTree = "<group>"; };
		AC02636D25FFD10B00B99FED /* CardPersistenceManager.swift */ = {isa = PBXFileReference; lastKnownFileType = sourcecode.swift; path = CardPersistenceManager.swift; sourceTree = "<group>"; };
		AC02637125FFDE9000B99FED /* DeckPersistenceManager.swift */ = {isa = PBXFileReference; lastKnownFileType = sourcecode.swift; path = DeckPersistenceManager.swift; sourceTree = "<group>"; };
		AC0B57C025E15FB000B03231 /* NSNotification.Name+CustomNames.swift */ = {isa = PBXFileReference; lastKnownFileType = sourcecode.swift; path = "NSNotification.Name+CustomNames.swift"; sourceTree = "<group>"; };
		AC0E06A525E3BF7F00C9DA2E /* NSLayoutConstraint+withPriority().swift */ = {isa = PBXFileReference; lastKnownFileType = sourcecode.swift; path = "NSLayoutConstraint+withPriority().swift"; sourceTree = "<group>"; };
		AC1AECBD25FDE45500F7C2DB /* UIView+setAxisAnchors().swift */ = {isa = PBXFileReference; lastKnownFileType = sourcecode.swift; path = "UIView+setAxisAnchors().swift"; sourceTree = "<group>"; };
		AC212E7F25EBBA56002869AC /* DecksViewModel.swift */ = {isa = PBXFileReference; lastKnownFileType = sourcecode.swift; path = DecksViewModel.swift; sourceTree = "<group>"; };
		AC29C89D25EE54C8007262F7 /* CardsViewModel.swift */ = {isa = PBXFileReference; lastKnownFileType = sourcecode.swift; path = CardsViewModel.swift; sourceTree = "<group>"; };
		AC4AC43025FBCB03004B2454 /* CurvedTabBar.swift */ = {isa = PBXFileReference; lastKnownFileType = sourcecode.swift; path = CurvedTabBar.swift; sourceTree = "<group>"; };
		AC4AC43D25FC810E004B2454 /* CurvedTabBarViewController.swift */ = {isa = PBXFileReference; lastKnownFileType = sourcecode.swift; path = CurvedTabBarViewController.swift; sourceTree = "<group>"; };
		AC4AC44225FC9409004B2454 /* CurvedTabBarViewController.storyboard */ = {isa = PBXFileReference; lastKnownFileType = file.storyboard; path = CurvedTabBarViewController.storyboard; sourceTree = "<group>"; };
		AC4D76212600821E0035D098 /* MemoryCardTests.xctest */ = {isa = PBXFileReference; explicitFileType = wrapper.cfbundle; includeInIndex = 0; path = MemoryCardTests.xctest; sourceTree = BUILT_PRODUCTS_DIR; };
		AC4D76252600821E0035D098 /* Info.plist */ = {isa = PBXFileReference; lastKnownFileType = text.plist.xml; path = Info.plist; sourceTree = "<group>"; };
		AC4D762F2600827A0035D098 /* CardPersistenceManagerTestCase.swift */ = {isa = PBXFileReference; lastKnownFileType = sourcecode.swift; path = CardPersistenceManagerTestCase.swift; sourceTree = "<group>"; };
		AC4D7633260082A10035D098 /* TestCoreDataStack.swift */ = {isa = PBXFileReference; lastKnownFileType = sourcecode.swift; path = TestCoreDataStack.swift; sourceTree = "<group>"; };
		AC4D7637260082D10035D098 /* CardViewModelTestCase.swift */ = {isa = PBXFileReference; lastKnownFileType = sourcecode.swift; path = CardViewModelTestCase.swift; sourceTree = "<group>"; };
		AC4D763B2600BE580035D098 /* TestNotificationCenter.swift */ = {isa = PBXFileReference; lastKnownFileType = sourcecode.swift; path = TestNotificationCenter.swift; sourceTree = "<group>"; };
		AC6BC0BB25DA75FB0096E486 /* CardManagerViewModel.swift */ = {isa = PBXFileReference; lastKnownFileType = sourcecode.swift; path = CardManagerViewModel.swift; sourceTree = "<group>"; };
		AC792A8525E17614006CCAA6 /* Action.swift */ = {isa = PBXFileReference; lastKnownFileType = sourcecode.swift; path = Action.swift; sourceTree = "<group>"; };
		AC7B69EF25ED0FEF0003A60A /* Coordinator.swift */ = {isa = PBXFileReference; lastKnownFileType = sourcecode.swift; path = Coordinator.swift; sourceTree = "<group>"; };
		AC8C98E525E5095000CE1B65 /* LearningCardViewModel.swift */ = {isa = PBXFileReference; lastKnownFileType = sourcecode.swift; path = LearningCardViewModel.swift; sourceTree = "<group>"; };
		AC94B46625E3742800EB497C /* LearningCardViewController.swift */ = {isa = PBXFileReference; lastKnownFileType = sourcecode.swift; path = LearningCardViewController.swift; sourceTree = "<group>"; };
		AC9888FC25D170280042AA8E /* Protocols.swift */ = {isa = PBXFileReference; lastKnownFileType = sourcecode.swift; path = Protocols.swift; sourceTree = "<group>"; };
		AC9B4C1425E9035700047297 /* AnswerComplexity.swift */ = {isa = PBXFileReference; lastKnownFileType = sourcecode.swift; path = AnswerComplexity.swift; sourceTree = "<group>"; };
		ACA08E4E25F920DF00A99FCF /* DecksCollectionView.swift */ = {isa = PBXFileReference; lastKnownFileType = sourcecode.swift; path = DecksCollectionView.swift; sourceTree = "<group>"; };
		ACA08E5125F9258600A99FCF /* DecksViewController.swift */ = {isa = PBXFileReference; lastKnownFileType = sourcecode.swift; path = DecksViewController.swift; sourceTree = "<group>"; };
		ACD20D3E25EF85A6001B3B07 /* Card+CoreDataClass.swift */ = {isa = PBXFileReference; lastKnownFileType = sourcecode.swift; path = "Card+CoreDataClass.swift"; sourceTree = "<group>"; };
		ACD20D3F25EF85A6001B3B07 /* Card+CoreDataProperties.swift */ = {isa = PBXFileReference; lastKnownFileType = sourcecode.swift; path = "Card+CoreDataProperties.swift"; sourceTree = "<group>"; };
		ACD20D4025EF85A6001B3B07 /* Deck+CoreDataClass.swift */ = {isa = PBXFileReference; lastKnownFileType = sourcecode.swift; path = "Deck+CoreDataClass.swift"; sourceTree = "<group>"; };
		ACD20D4125EF85A6001B3B07 /* Deck+CoreDataProperties.swift */ = {isa = PBXFileReference; lastKnownFileType = sourcecode.swift; path = "Deck+CoreDataProperties.swift"; sourceTree = "<group>"; };
		ACFDAF0025D699220029DF28 /* CardManagerViewController.swift */ = {isa = PBXFileReference; lastKnownFileType = sourcecode.swift; path = CardManagerViewController.swift; sourceTree = "<group>"; };
		F703CBD425C3FD8D001BDC4A /* CardsViewController.swift */ = {isa = PBXFileReference; lastKnownFileType = sourcecode.swift; path = CardsViewController.swift; sourceTree = "<group>"; };
		F703CBD825C3FECD001BDC4A /* UIView+embed().swift */ = {isa = PBXFileReference; lastKnownFileType = sourcecode.swift; path = "UIView+embed().swift"; sourceTree = "<group>"; };
		F706189525BFFF6700E871C5 /* HomeViewController.swift */ = {isa = PBXFileReference; lastKnownFileType = sourcecode.swift; path = HomeViewController.swift; sourceTree = "<group>"; };
		F71F799125BB07AF009416EE /* Model.xcdatamodel */ = {isa = PBXFileReference; lastKnownFileType = wrapper.xcdatamodel; path = Model.xcdatamodel; sourceTree = "<group>"; };
		F78048E925C4279F00A2EDEC /* CardTableViewCell.swift */ = {isa = PBXFileReference; lastKnownFileType = sourcecode.swift; path = CardTableViewCell.swift; sourceTree = "<group>"; };
		F789766425CA91A9009DC5B9 /* CardView.swift */ = {isa = PBXFileReference; lastKnownFileType = sourcecode.swift; path = CardView.swift; sourceTree = "<group>"; };
		F789766825CAA3EB009DC5B9 /* CardViewModel.swift */ = {isa = PBXFileReference; lastKnownFileType = sourcecode.swift; path = CardViewModel.swift; sourceTree = "<group>"; };
		F789766D25CAC06B009DC5B9 /* Observable.swift */ = {isa = PBXFileReference; lastKnownFileType = sourcecode.swift; path = Observable.swift; sourceTree = "<group>"; };
		F7C18A0E25C023C000317C69 /* LearningDecksTableViewCell.swift */ = {isa = PBXFileReference; lastKnownFileType = sourcecode.swift; path = LearningDecksTableViewCell.swift; sourceTree = "<group>"; };
		F7C18A1325C026E200317C69 /* DeckCollectionViewCell.swift */ = {isa = PBXFileReference; lastKnownFileType = sourcecode.swift; path = DeckCollectionViewCell.swift; sourceTree = "<group>"; };
		F7DDFF7E25BAAA9200BF9D75 /* MemoryCard.app */ = {isa = PBXFileReference; explicitFileType = wrapper.application; includeInIndex = 0; path = MemoryCard.app; sourceTree = BUILT_PRODUCTS_DIR; };
		F7DDFF8125BAAA9200BF9D75 /* AppDelegate.swift */ = {isa = PBXFileReference; lastKnownFileType = sourcecode.swift; path = AppDelegate.swift; sourceTree = "<group>"; };
		F7DDFF8325BAAA9200BF9D75 /* SceneDelegate.swift */ = {isa = PBXFileReference; lastKnownFileType = sourcecode.swift; path = SceneDelegate.swift; sourceTree = "<group>"; };
		F7DDFF8A25BAAA9700BF9D75 /* Assets.xcassets */ = {isa = PBXFileReference; lastKnownFileType = folder.assetcatalog; path = Assets.xcassets; sourceTree = "<group>"; };
		F7DDFF8D25BAAA9700BF9D75 /* Base */ = {isa = PBXFileReference; lastKnownFileType = file.storyboard; name = Base; path = Base.lproj/LaunchScreen.storyboard; sourceTree = "<group>"; };
		F7DDFF8F25BAAA9700BF9D75 /* Info.plist */ = {isa = PBXFileReference; lastKnownFileType = text.plist.xml; path = Info.plist; sourceTree = "<group>"; };
/* End PBXFileReference section */

/* Begin PBXFrameworksBuildPhase section */
		AC4D761E2600821E0035D098 /* Frameworks */ = {
			isa = PBXFrameworksBuildPhase;
			buildActionMask = 2147483647;
			files = (
			);
			runOnlyForDeploymentPostprocessing = 0;
		};
		F7DDFF7B25BAAA9200BF9D75 /* Frameworks */ = {
			isa = PBXFrameworksBuildPhase;
			buildActionMask = 2147483647;
			files = (
			);
			runOnlyForDeploymentPostprocessing = 0;
		};
/* End PBXFrameworksBuildPhase section */

/* Begin PBXGroup section */
		AC12688B25F248C600DE1294 /* Cells */ = {
			isa = PBXGroup;
			children = (
				F7C18A0E25C023C000317C69 /* LearningDecksTableViewCell.swift */,
				F7C18A1325C026E200317C69 /* DeckCollectionViewCell.swift */,
				F78048E925C4279F00A2EDEC /* CardTableViewCell.swift */,
			);
			path = Cells;
			sourceTree = "<group>";
		};
		AC12688C25F248E700DE1294 /* View Controllers */ = {
			isa = PBXGroup;
			children = (
				ACFDAF0025D699220029DF28 /* CardManagerViewController.swift */,
				AC94B46625E3742800EB497C /* LearningCardViewController.swift */,
				F703CBD425C3FD8D001BDC4A /* CardsViewController.swift */,
				F706189525BFFF6700E871C5 /* HomeViewController.swift */,
				ACA08E5125F9258600A99FCF /* DecksViewController.swift */,
				AC4AC44225FC9409004B2454 /* CurvedTabBarViewController.storyboard */,
				AC4AC43D25FC810E004B2454 /* CurvedTabBarViewController.swift */,
			);
			path = "View Controllers";
			sourceTree = "<group>";
		};
		AC4D76222600821E0035D098 /* MemoryCardTests */ = {
			isa = PBXGroup;
			children = (
				AC4D76252600821E0035D098 /* Info.plist */,
				AC4D762F2600827A0035D098 /* CardPersistenceManagerTestCase.swift */,
				AC4D7633260082A10035D098 /* TestCoreDataStack.swift */,
				AC4D7637260082D10035D098 /* CardViewModelTestCase.swift */,
				AC4D763B2600BE580035D098 /* TestNotificationCenter.swift */,
			);
			path = MemoryCardTests;
			sourceTree = "<group>";
		};
		F703CBD725C3FEA4001BDC4A /* Extensions */ = {
			isa = PBXGroup;
			children = (
				F703CBD825C3FECD001BDC4A /* UIView+embed().swift */,
				AC1AECBD25FDE45500F7C2DB /* UIView+setAxisAnchors().swift */,
				AC0B57C025E15FB000B03231 /* NSNotification.Name+CustomNames.swift */,
				AC0E06A525E3BF7F00C9DA2E /* NSLayoutConstraint+withPriority().swift */,
			);
			path = Extensions;
			sourceTree = "<group>";
		};
		F706189825C0001400E871C5 /* View */ = {
			isa = PBXGroup;
			children = (
				AC12688C25F248E700DE1294 /* View Controllers */,
				AC12688B25F248C600DE1294 /* Cells */,
				F789766425CA91A9009DC5B9 /* CardView.swift */,
				ACA08E4E25F920DF00A99FCF /* DecksCollectionView.swift */,
				AC4AC43025FBCB03004B2454 /* CurvedTabBar.swift */,
			);
			path = View;
			sourceTree = "<group>";
		};
		F71F798C25BAFEB1009416EE /* Model */ = {
			isa = PBXGroup;
			children = (
				ACD20D3E25EF85A6001B3B07 /* Card+CoreDataClass.swift */,
				ACD20D3F25EF85A6001B3B07 /* Card+CoreDataProperties.swift */,
				ACD20D4025EF85A6001B3B07 /* Deck+CoreDataClass.swift */,
				ACD20D4125EF85A6001B3B07 /* Deck+CoreDataProperties.swift */,
				F71F799025BB07AF009416EE /* Model.xcdatamodeld */,
				AC792A8525E17614006CCAA6 /* Action.swift */,
				AC9B4C1425E9035700047297 /* AnswerComplexity.swift */,
				AC02636D25FFD10B00B99FED /* CardPersistenceManager.swift */,
				AC02637125FFDE9000B99FED /* DeckPersistenceManager.swift */,
			);
			path = Model;
			sourceTree = "<group>";
		};
		F789766725CAA3DC009DC5B9 /* ViewModel */ = {
			isa = PBXGroup;
			children = (
				F789766825CAA3EB009DC5B9 /* CardViewModel.swift */,
				AC6BC0BB25DA75FB0096E486 /* CardManagerViewModel.swift */,
				AC8C98E525E5095000CE1B65 /* LearningCardViewModel.swift */,
				AC212E7F25EBBA56002869AC /* DecksViewModel.swift */,
				AC29C89D25EE54C8007262F7 /* CardsViewModel.swift */,
			);
			path = ViewModel;
			sourceTree = "<group>";
		};
		F7DDFF7525BAAA9200BF9D75 = {
			isa = PBXGroup;
			children = (
				F7DDFF8025BAAA9200BF9D75 /* MemoryCard */,
				AC4D76222600821E0035D098 /* MemoryCardTests */,
				F7DDFF7F25BAAA9200BF9D75 /* Products */,
			);
			sourceTree = "<group>";
		};
		F7DDFF7F25BAAA9200BF9D75 /* Products */ = {
			isa = PBXGroup;
			children = (
				F7DDFF7E25BAAA9200BF9D75 /* MemoryCard.app */,
				AC4D76212600821E0035D098 /* MemoryCardTests.xctest */,
			);
			name = Products;
			sourceTree = "<group>";
		};
		F7DDFF8025BAAA9200BF9D75 /* MemoryCard */ = {
			isa = PBXGroup;
			children = (
				F789766725CAA3DC009DC5B9 /* ViewModel */,
				F706189825C0001400E871C5 /* View */,
				F7E3DAC525BC0BC30077A732 /* Utils */,
				F71F798C25BAFEB1009416EE /* Model */,
				F7DDFF8125BAAA9200BF9D75 /* AppDelegate.swift */,
				F7DDFF8325BAAA9200BF9D75 /* SceneDelegate.swift */,
				F7DDFF8A25BAAA9700BF9D75 /* Assets.xcassets */,
				F7DDFF8C25BAAA9700BF9D75 /* LaunchScreen.storyboard */,
				F7DDFF8F25BAAA9700BF9D75 /* Info.plist */,
			);
			path = MemoryCard;
			sourceTree = "<group>";
		};
		F7E3DAC525BC0BC30077A732 /* Utils */ = {
			isa = PBXGroup;
			children = (
				F703CBD725C3FEA4001BDC4A /* Extensions */,
				F789766D25CAC06B009DC5B9 /* Observable.swift */,
				AC9888FC25D170280042AA8E /* Protocols.swift */,
				AC7B69EF25ED0FEF0003A60A /* Coordinator.swift */,
				AC02636A25FFCEA400B99FED /* CoreDataStack.swift */,
			);
			path = Utils;
			sourceTree = "<group>";
		};
/* End PBXGroup section */

/* Begin PBXNativeTarget section */
		AC4D76202600821E0035D098 /* MemoryCardTests */ = {
			isa = PBXNativeTarget;
			buildConfigurationList = AC4D762A2600821E0035D098 /* Build configuration list for PBXNativeTarget "MemoryCardTests" */;
			buildPhases = (
				AC4D761D2600821E0035D098 /* Sources */,
				AC4D761E2600821E0035D098 /* Frameworks */,
				AC4D761F2600821E0035D098 /* Resources */,
			);
			buildRules = (
			);
			dependencies = (
				AC4D76272600821E0035D098 /* PBXTargetDependency */,
			);
			name = MemoryCardTests;
			productName = MemoryCardTests;
			productReference = AC4D76212600821E0035D098 /* MemoryCardTests.xctest */;
			productType = "com.apple.product-type.bundle.unit-test";
		};
		F7DDFF7D25BAAA9200BF9D75 /* MemoryCard */ = {
			isa = PBXNativeTarget;
			buildConfigurationList = F7DDFF9225BAAA9700BF9D75 /* Build configuration list for PBXNativeTarget "MemoryCard" */;
			buildPhases = (
				F7DDFF7A25BAAA9200BF9D75 /* Sources */,
				F7DDFF7B25BAAA9200BF9D75 /* Frameworks */,
				F7DDFF7C25BAAA9200BF9D75 /* Resources */,
			);
			buildRules = (
			);
			dependencies = (
			);
			name = MemoryCard;
			productName = MemoryCard;
			productReference = F7DDFF7E25BAAA9200BF9D75 /* MemoryCard.app */;
			productType = "com.apple.product-type.application";
		};
/* End PBXNativeTarget section */

/* Begin PBXProject section */
		F7DDFF7625BAAA9200BF9D75 /* Project object */ = {
			isa = PBXProject;
			attributes = {
				LastSwiftUpdateCheck = 1240;
				LastUpgradeCheck = 1230;
				TargetAttributes = {
					AC4D76202600821E0035D098 = {
						CreatedOnToolsVersion = 12.4;
						LastSwiftMigration = 1240;
						TestTargetID = F7DDFF7D25BAAA9200BF9D75;
					};
					F7DDFF7D25BAAA9200BF9D75 = {
						CreatedOnToolsVersion = 12.3;
					};
				};
			};
			buildConfigurationList = F7DDFF7925BAAA9200BF9D75 /* Build configuration list for PBXProject "MemoryCard" */;
			compatibilityVersion = "Xcode 9.3";
			developmentRegion = en;
			hasScannedForEncodings = 0;
			knownRegions = (
				en,
				Base,
			);
			mainGroup = F7DDFF7525BAAA9200BF9D75;
			productRefGroup = F7DDFF7F25BAAA9200BF9D75 /* Products */;
			projectDirPath = "";
			projectRoot = "";
			targets = (
				F7DDFF7D25BAAA9200BF9D75 /* MemoryCard */,
				AC4D76202600821E0035D098 /* MemoryCardTests */,
			);
		};
/* End PBXProject section */

/* Begin PBXResourcesBuildPhase section */
		AC4D761F2600821E0035D098 /* Resources */ = {
			isa = PBXResourcesBuildPhase;
			buildActionMask = 2147483647;
			files = (
			);
			runOnlyForDeploymentPostprocessing = 0;
		};
		F7DDFF7C25BAAA9200BF9D75 /* Resources */ = {
			isa = PBXResourcesBuildPhase;
			buildActionMask = 2147483647;
			files = (
				AC4AC44325FC9409004B2454 /* CurvedTabBarViewController.storyboard in Resources */,
				F7DDFF8E25BAAA9700BF9D75 /* LaunchScreen.storyboard in Resources */,
				F7DDFF8B25BAAA9700BF9D75 /* Assets.xcassets in Resources */,
			);
			runOnlyForDeploymentPostprocessing = 0;
		};
/* End PBXResourcesBuildPhase section */

/* Begin PBXSourcesBuildPhase section */
		AC4D761D2600821E0035D098 /* Sources */ = {
			isa = PBXSourcesBuildPhase;
			buildActionMask = 2147483647;
			files = (
				AC4D7638260082D10035D098 /* CardViewModelTestCase.swift in Sources */,
				AC4D76302600827A0035D098 /* CardPersistenceManagerTestCase.swift in Sources */,
				AC4D7634260082A10035D098 /* TestCoreDataStack.swift in Sources */,
				AC4D763C2600BE580035D098 /* TestNotificationCenter.swift in Sources */,
			);
			runOnlyForDeploymentPostprocessing = 0;
		};
		F7DDFF7A25BAAA9200BF9D75 /* Sources */ = {
			isa = PBXSourcesBuildPhase;
			buildActionMask = 2147483647;
			files = (
				AC9888FD25D170280042AA8E /* Protocols.swift in Sources */,
				AC0E06A625E3BF7F00C9DA2E /* NSLayoutConstraint+withPriority().swift in Sources */,
				AC4AC43125FBCB03004B2454 /* CurvedTabBar.swift in Sources */,
				F703CBD525C3FD8D001BDC4A /* CardsViewController.swift in Sources */,
				F78048EA25C4279F00A2EDEC /* CardTableViewCell.swift in Sources */,
				AC02636E25FFD10B00B99FED /* CardPersistenceManager.swift in Sources */,
				F7DDFF8225BAAA9200BF9D75 /* AppDelegate.swift in Sources */,
				ACD20D4325EF85A6001B3B07 /* Card+CoreDataProperties.swift in Sources */,
				F7DDFF8425BAAA9200BF9D75 /* SceneDelegate.swift in Sources */,
				F71F799225BB07AF009416EE /* Model.xcdatamodeld in Sources */,
				ACD20D4525EF85A7001B3B07 /* Deck+CoreDataProperties.swift in Sources */,
				AC1AECBE25FDE45500F7C2DB /* UIView+setAxisAnchors().swift in Sources */,
				AC0B57C125E15FB000B03231 /* NSNotification.Name+CustomNames.swift in Sources */,
				ACD20D4425EF85A7001B3B07 /* Deck+CoreDataClass.swift in Sources */,
				AC6BC0BC25DA75FB0096E486 /* CardManagerViewModel.swift in Sources */,
				AC29C89E25EE54C8007262F7 /* CardsViewModel.swift in Sources */,
				ACFDAF0125D699220029DF28 /* CardManagerViewController.swift in Sources */,
				ACD20D4225EF85A6001B3B07 /* Card+CoreDataClass.swift in Sources */,
				F703CBD925C3FECD001BDC4A /* UIView+embed().swift in Sources */,
				AC94B46725E3742800EB497C /* LearningCardViewController.swift in Sources */,
				F7C18A1425C026E200317C69 /* DeckCollectionViewCell.swift in Sources */,
				AC212E8025EBBA56002869AC /* DecksViewModel.swift in Sources */,
				AC4AC43F25FC810E004B2454 /* CurvedTabBarViewController.swift in Sources */,
				AC9B4C1525E9035700047297 /* AnswerComplexity.swift in Sources */,
				AC792A8625E17614006CCAA6 /* Action.swift in Sources */,
				F789766925CAA3EB009DC5B9 /* CardViewModel.swift in Sources */,
				ACA08E4F25F920DF00A99FCF /* DecksCollectionView.swift in Sources */,
				F706189625BFFF6700E871C5 /* HomeViewController.swift in Sources */,
				ACA08E5225F9258600A99FCF /* DecksViewController.swift in Sources */,
				F789766E25CAC06B009DC5B9 /* Observable.swift in Sources */,
				AC8C98E625E5095000CE1B65 /* LearningCardViewModel.swift in Sources */,
				F7C18A0F25C023C000317C69 /* LearningDecksTableViewCell.swift in Sources */,
				AC7B69F025ED0FEF0003A60A /* Coordinator.swift in Sources */,
				AC02636B25FFCEA400B99FED /* CoreDataStack.swift in Sources */,
				AC02637225FFDE9000B99FED /* DeckPersistenceManager.swift in Sources */,
				F789766525CA91A9009DC5B9 /* CardView.swift in Sources */,
			);
			runOnlyForDeploymentPostprocessing = 0;
		};
/* End PBXSourcesBuildPhase section */

/* Begin PBXTargetDependency section */
		AC4D76272600821E0035D098 /* PBXTargetDependency */ = {
			isa = PBXTargetDependency;
			target = F7DDFF7D25BAAA9200BF9D75 /* MemoryCard */;
			targetProxy = AC4D76262600821E0035D098 /* PBXContainerItemProxy */;
		};
/* End PBXTargetDependency section */

/* Begin PBXVariantGroup section */
		F7DDFF8C25BAAA9700BF9D75 /* LaunchScreen.storyboard */ = {
			isa = PBXVariantGroup;
			children = (
				F7DDFF8D25BAAA9700BF9D75 /* Base */,
			);
			name = LaunchScreen.storyboard;
			sourceTree = "<group>";
		};
/* End PBXVariantGroup section */

/* Begin XCBuildConfiguration section */
		AC4D76282600821E0035D098 /* Debug */ = {
			isa = XCBuildConfiguration;
			buildSettings = {
				BUNDLE_LOADER = "$(TEST_HOST)";
				CLANG_ENABLE_MODULES = YES;
				CODE_SIGN_STYLE = Automatic;
				DEVELOPMENT_TEAM = 66WZG572VA;
				INFOPLIST_FILE = MemoryCardTests/Info.plist;
				IPHONEOS_DEPLOYMENT_TARGET = 14.4;
				LD_RUNPATH_SEARCH_PATHS = (
					"$(inherited)",
					"@executable_path/Frameworks",
					"@loader_path/Frameworks",
				);
				PRODUCT_BUNDLE_IDENTIFIER = zhanibek.MemoryCardTests;
				PRODUCT_NAME = "$(TARGET_NAME)";
				SWIFT_OPTIMIZATION_LEVEL = "-Onone";
				SWIFT_VERSION = 5.0;
				TARGETED_DEVICE_FAMILY = "1,2";
				TEST_HOST = "$(BUILT_PRODUCTS_DIR)/MemoryCard.app/MemoryCard";
			};
			name = Debug;
		};
		AC4D76292600821E0035D098 /* Release */ = {
			isa = XCBuildConfiguration;
			buildSettings = {
				BUNDLE_LOADER = "$(TEST_HOST)";
				CLANG_ENABLE_MODULES = YES;
				CODE_SIGN_STYLE = Automatic;
				DEVELOPMENT_TEAM = 66WZG572VA;
				INFOPLIST_FILE = MemoryCardTests/Info.plist;
				IPHONEOS_DEPLOYMENT_TARGET = 14.4;
				LD_RUNPATH_SEARCH_PATHS = (
					"$(inherited)",
					"@executable_path/Frameworks",
					"@loader_path/Frameworks",
				);
				PRODUCT_BUNDLE_IDENTIFIER = zhanibek.MemoryCardTests;
				PRODUCT_NAME = "$(TARGET_NAME)";
				SWIFT_VERSION = 5.0;
				TARGETED_DEVICE_FAMILY = "1,2";
				TEST_HOST = "$(BUILT_PRODUCTS_DIR)/MemoryCard.app/MemoryCard";
			};
			name = Release;
		};
		F7DDFF9025BAAA9700BF9D75 /* Debug */ = {
			isa = XCBuildConfiguration;
			buildSettings = {
				ALWAYS_SEARCH_USER_PATHS = NO;
				CLANG_ANALYZER_NONNULL = YES;
				CLANG_ANALYZER_NUMBER_OBJECT_CONVERSION = YES_AGGRESSIVE;
				CLANG_CXX_LANGUAGE_STANDARD = "gnu++14";
				CLANG_CXX_LIBRARY = "libc++";
				CLANG_ENABLE_MODULES = YES;
				CLANG_ENABLE_OBJC_ARC = YES;
				CLANG_ENABLE_OBJC_WEAK = YES;
				CLANG_WARN_BLOCK_CAPTURE_AUTORELEASING = YES;
				CLANG_WARN_BOOL_CONVERSION = YES;
				CLANG_WARN_COMMA = YES;
				CLANG_WARN_CONSTANT_CONVERSION = YES;
				CLANG_WARN_DEPRECATED_OBJC_IMPLEMENTATIONS = YES;
				CLANG_WARN_DIRECT_OBJC_ISA_USAGE = YES_ERROR;
				CLANG_WARN_DOCUMENTATION_COMMENTS = YES;
				CLANG_WARN_EMPTY_BODY = YES;
				CLANG_WARN_ENUM_CONVERSION = YES;
				CLANG_WARN_INFINITE_RECURSION = YES;
				CLANG_WARN_INT_CONVERSION = YES;
				CLANG_WARN_NON_LITERAL_NULL_CONVERSION = YES;
				CLANG_WARN_OBJC_IMPLICIT_RETAIN_SELF = YES;
				CLANG_WARN_OBJC_LITERAL_CONVERSION = YES;
				CLANG_WARN_OBJC_ROOT_CLASS = YES_ERROR;
				CLANG_WARN_QUOTED_INCLUDE_IN_FRAMEWORK_HEADER = YES;
				CLANG_WARN_RANGE_LOOP_ANALYSIS = YES;
				CLANG_WARN_STRICT_PROTOTYPES = YES;
				CLANG_WARN_SUSPICIOUS_MOVE = YES;
				CLANG_WARN_UNGUARDED_AVAILABILITY = YES_AGGRESSIVE;
				CLANG_WARN_UNREACHABLE_CODE = YES;
				CLANG_WARN__DUPLICATE_METHOD_MATCH = YES;
				COPY_PHASE_STRIP = NO;
				DEBUG_INFORMATION_FORMAT = dwarf;
				ENABLE_STRICT_OBJC_MSGSEND = YES;
				ENABLE_TESTABILITY = YES;
				GCC_C_LANGUAGE_STANDARD = gnu11;
				GCC_DYNAMIC_NO_PIC = NO;
				GCC_NO_COMMON_BLOCKS = YES;
				GCC_OPTIMIZATION_LEVEL = 0;
				GCC_PREPROCESSOR_DEFINITIONS = (
					"DEBUG=1",
					"$(inherited)",
				);
				GCC_WARN_64_TO_32_BIT_CONVERSION = YES;
				GCC_WARN_ABOUT_RETURN_TYPE = YES_ERROR;
				GCC_WARN_UNDECLARED_SELECTOR = YES;
				GCC_WARN_UNINITIALIZED_AUTOS = YES_AGGRESSIVE;
				GCC_WARN_UNUSED_FUNCTION = YES;
				GCC_WARN_UNUSED_VARIABLE = YES;
				IPHONEOS_DEPLOYMENT_TARGET = 14.3;
				MTL_ENABLE_DEBUG_INFO = INCLUDE_SOURCE;
				MTL_FAST_MATH = YES;
				ONLY_ACTIVE_ARCH = YES;
				SDKROOT = iphoneos;
				SWIFT_ACTIVE_COMPILATION_CONDITIONS = DEBUG;
				SWIFT_OPTIMIZATION_LEVEL = "-Onone";
			};
			name = Debug;
		};
		F7DDFF9125BAAA9700BF9D75 /* Release */ = {
			isa = XCBuildConfiguration;
			buildSettings = {
				ALWAYS_SEARCH_USER_PATHS = NO;
				CLANG_ANALYZER_NONNULL = YES;
				CLANG_ANALYZER_NUMBER_OBJECT_CONVERSION = YES_AGGRESSIVE;
				CLANG_CXX_LANGUAGE_STANDARD = "gnu++14";
				CLANG_CXX_LIBRARY = "libc++";
				CLANG_ENABLE_MODULES = YES;
				CLANG_ENABLE_OBJC_ARC = YES;
				CLANG_ENABLE_OBJC_WEAK = YES;
				CLANG_WARN_BLOCK_CAPTURE_AUTORELEASING = YES;
				CLANG_WARN_BOOL_CONVERSION = YES;
				CLANG_WARN_COMMA = YES;
				CLANG_WARN_CONSTANT_CONVERSION = YES;
				CLANG_WARN_DEPRECATED_OBJC_IMPLEMENTATIONS = YES;
				CLANG_WARN_DIRECT_OBJC_ISA_USAGE = YES_ERROR;
				CLANG_WARN_DOCUMENTATION_COMMENTS = YES;
				CLANG_WARN_EMPTY_BODY = YES;
				CLANG_WARN_ENUM_CONVERSION = YES;
				CLANG_WARN_INFINITE_RECURSION = YES;
				CLANG_WARN_INT_CONVERSION = YES;
				CLANG_WARN_NON_LITERAL_NULL_CONVERSION = YES;
				CLANG_WARN_OBJC_IMPLICIT_RETAIN_SELF = YES;
				CLANG_WARN_OBJC_LITERAL_CONVERSION = YES;
				CLANG_WARN_OBJC_ROOT_CLASS = YES_ERROR;
				CLANG_WARN_QUOTED_INCLUDE_IN_FRAMEWORK_HEADER = YES;
				CLANG_WARN_RANGE_LOOP_ANALYSIS = YES;
				CLANG_WARN_STRICT_PROTOTYPES = YES;
				CLANG_WARN_SUSPICIOUS_MOVE = YES;
				CLANG_WARN_UNGUARDED_AVAILABILITY = YES_AGGRESSIVE;
				CLANG_WARN_UNREACHABLE_CODE = YES;
				CLANG_WARN__DUPLICATE_METHOD_MATCH = YES;
				COPY_PHASE_STRIP = NO;
				DEBUG_INFORMATION_FORMAT = "dwarf-with-dsym";
				ENABLE_NS_ASSERTIONS = NO;
				ENABLE_STRICT_OBJC_MSGSEND = YES;
				GCC_C_LANGUAGE_STANDARD = gnu11;
				GCC_NO_COMMON_BLOCKS = YES;
				GCC_WARN_64_TO_32_BIT_CONVERSION = YES;
				GCC_WARN_ABOUT_RETURN_TYPE = YES_ERROR;
				GCC_WARN_UNDECLARED_SELECTOR = YES;
				GCC_WARN_UNINITIALIZED_AUTOS = YES_AGGRESSIVE;
				GCC_WARN_UNUSED_FUNCTION = YES;
				GCC_WARN_UNUSED_VARIABLE = YES;
				IPHONEOS_DEPLOYMENT_TARGET = 14.3;
				MTL_ENABLE_DEBUG_INFO = NO;
				MTL_FAST_MATH = YES;
				SDKROOT = iphoneos;
				SWIFT_COMPILATION_MODE = wholemodule;
				SWIFT_OPTIMIZATION_LEVEL = "-O";
				VALIDATE_PRODUCT = YES;
			};
			name = Release;
		};
		F7DDFF9325BAAA9700BF9D75 /* Debug */ = {
			isa = XCBuildConfiguration;
			buildSettings = {
				ASSETCATALOG_COMPILER_APPICON_NAME = AppIcon;
				ASSETCATALOG_COMPILER_GLOBAL_ACCENT_COLOR_NAME = AccentColor;
				CODE_SIGN_STYLE = Automatic;
				INFOPLIST_FILE = MemoryCard/Info.plist;
				LD_RUNPATH_SEARCH_PATHS = (
					"$(inherited)",
					"@executable_path/Frameworks",
				);
				PRODUCT_BUNDLE_IDENTIFIER = sagintayev.MemoryCard;
				PRODUCT_NAME = "$(TARGET_NAME)";
				SWIFT_VERSION = 5.0;
				TARGETED_DEVICE_FAMILY = "1,2";
			};
			name = Debug;
		};
		F7DDFF9425BAAA9700BF9D75 /* Release */ = {
			isa = XCBuildConfiguration;
			buildSettings = {
				ASSETCATALOG_COMPILER_APPICON_NAME = AppIcon;
				ASSETCATALOG_COMPILER_GLOBAL_ACCENT_COLOR_NAME = AccentColor;
				CODE_SIGN_STYLE = Automatic;
				INFOPLIST_FILE = MemoryCard/Info.plist;
				LD_RUNPATH_SEARCH_PATHS = (
					"$(inherited)",
					"@executable_path/Frameworks",
				);
				PRODUCT_BUNDLE_IDENTIFIER = sagintayev.MemoryCard;
				PRODUCT_NAME = "$(TARGET_NAME)";
				SWIFT_VERSION = 5.0;
				TARGETED_DEVICE_FAMILY = "1,2";
			};
			name = Release;
		};
/* End XCBuildConfiguration section */

/* Begin XCConfigurationList section */
		AC4D762A2600821E0035D098 /* Build configuration list for PBXNativeTarget "MemoryCardTests" */ = {
			isa = XCConfigurationList;
			buildConfigurations = (
				AC4D76282600821E0035D098 /* Debug */,
				AC4D76292600821E0035D098 /* Release */,
			);
			defaultConfigurationIsVisible = 0;
			defaultConfigurationName = Release;
		};
		F7DDFF7925BAAA9200BF9D75 /* Build configuration list for PBXProject "MemoryCard" */ = {
			isa = XCConfigurationList;
			buildConfigurations = (
				F7DDFF9025BAAA9700BF9D75 /* Debug */,
				F7DDFF9125BAAA9700BF9D75 /* Release */,
			);
			defaultConfigurationIsVisible = 0;
			defaultConfigurationName = Release;
		};
		F7DDFF9225BAAA9700BF9D75 /* Build configuration list for PBXNativeTarget "MemoryCard" */ = {
			isa = XCConfigurationList;
			buildConfigurations = (
				F7DDFF9325BAAA9700BF9D75 /* Debug */,
				F7DDFF9425BAAA9700BF9D75 /* Release */,
			);
			defaultConfigurationIsVisible = 0;
			defaultConfigurationName = Release;
		};
/* End XCConfigurationList section */

/* Begin XCVersionGroup section */
		F71F799025BB07AF009416EE /* Model.xcdatamodeld */ = {
			isa = XCVersionGroup;
			children = (
				F71F799125BB07AF009416EE /* Model.xcdatamodel */,
			);
			currentVersion = F71F799125BB07AF009416EE /* Model.xcdatamodel */;
			path = Model.xcdatamodeld;
			sourceTree = "<group>";
			versionGroupType = wrapper.xcdatamodel;
		};
/* End XCVersionGroup section */
	};
	rootObject = F7DDFF7625BAAA9200BF9D75 /* Project object */;
}
