// !$*UTF8*$!
{
	archiveVersion = 1;
	classes = {
	};
	objectVersion = 50;
	objects = {

/* Begin PBXBuildFile section */
		F703CBD525C3FD8D001BDC4A /* CardsViewController.swift in Sources */ = {isa = PBXBuildFile; fileRef = F703CBD425C3FD8D001BDC4A /* CardsViewController.swift */; };
		F703CBD925C3FECD001BDC4A /* UIView+embed().swift in Sources */ = {isa = PBXBuildFile; fileRef = F703CBD825C3FECD001BDC4A /* UIView+embed().swift */; };
		F706189625BFFF6700E871C5 /* HomeViewController.swift in Sources */ = {isa = PBXBuildFile; fileRef = F706189525BFFF6700E871C5 /* HomeViewController.swift */; };
		F71F799225BB07AF009416EE /* Model.xcdatamodeld in Sources */ = {isa = PBXBuildFile; fileRef = F71F799025BB07AF009416EE /* Model.xcdatamodeld */; };
		F78048E625C408E100A2EDEC /* CardsFetchedResultsDataSource.swift in Sources */ = {isa = PBXBuildFile; fileRef = F78048E525C408E100A2EDEC /* CardsFetchedResultsDataSource.swift */; };
		F78048EA25C4279F00A2EDEC /* CardTableViewCell.swift in Sources */ = {isa = PBXBuildFile; fileRef = F78048E925C4279F00A2EDEC /* CardTableViewCell.swift */; };
		F789766525CA91A9009DC5B9 /* CardView.swift in Sources */ = {isa = PBXBuildFile; fileRef = F789766425CA91A9009DC5B9 /* CardView.swift */; };
		F789766925CAA3EB009DC5B9 /* CardViewModel.swift in Sources */ = {isa = PBXBuildFile; fileRef = F789766825CAA3EB009DC5B9 /* CardViewModel.swift */; };
		F789766E25CAC06B009DC5B9 /* Observable.swift in Sources */ = {isa = PBXBuildFile; fileRef = F789766D25CAC06B009DC5B9 /* Observable.swift */; };
		F7C18A0F25C023C000317C69 /* DecksTableViewCell.swift in Sources */ = {isa = PBXBuildFile; fileRef = F7C18A0E25C023C000317C69 /* DecksTableViewCell.swift */; };
		F7C18A1425C026E200317C69 /* DeckCollectionViewCell.swift in Sources */ = {isa = PBXBuildFile; fileRef = F7C18A1325C026E200317C69 /* DeckCollectionViewCell.swift */; };
		F7DDFF8225BAAA9200BF9D75 /* AppDelegate.swift in Sources */ = {isa = PBXBuildFile; fileRef = F7DDFF8125BAAA9200BF9D75 /* AppDelegate.swift */; };
		F7DDFF8425BAAA9200BF9D75 /* SceneDelegate.swift in Sources */ = {isa = PBXBuildFile; fileRef = F7DDFF8325BAAA9200BF9D75 /* SceneDelegate.swift */; };
		F7DDFF8B25BAAA9700BF9D75 /* Assets.xcassets in Resources */ = {isa = PBXBuildFile; fileRef = F7DDFF8A25BAAA9700BF9D75 /* Assets.xcassets */; };
		F7DDFF8E25BAAA9700BF9D75 /* LaunchScreen.storyboard in Resources */ = {isa = PBXBuildFile; fileRef = F7DDFF8C25BAAA9700BF9D75 /* LaunchScreen.storyboard */; };
		F7E3DAC725BC0ECF0077A732 /* PersistenceManager.swift in Sources */ = {isa = PBXBuildFile; fileRef = F7E3DAC625BC0ECF0077A732 /* PersistenceManager.swift */; };
/* End PBXBuildFile section */

/* Begin PBXFileReference section */
		F703CBD425C3FD8D001BDC4A /* CardsViewController.swift */ = {isa = PBXFileReference; lastKnownFileType = sourcecode.swift; path = CardsViewController.swift; sourceTree = "<group>"; };
		F703CBD825C3FECD001BDC4A /* UIView+embed().swift */ = {isa = PBXFileReference; lastKnownFileType = sourcecode.swift; path = "UIView+embed().swift"; sourceTree = "<group>"; };
		F706189525BFFF6700E871C5 /* HomeViewController.swift */ = {isa = PBXFileReference; lastKnownFileType = sourcecode.swift; path = HomeViewController.swift; sourceTree = "<group>"; };
		F71F799125BB07AF009416EE /* Model.xcdatamodel */ = {isa = PBXFileReference; lastKnownFileType = wrapper.xcdatamodel; path = Model.xcdatamodel; sourceTree = "<group>"; };
		F78048E525C408E100A2EDEC /* CardsFetchedResultsDataSource.swift */ = {isa = PBXFileReference; lastKnownFileType = sourcecode.swift; path = CardsFetchedResultsDataSource.swift; sourceTree = "<group>"; };
		F78048E925C4279F00A2EDEC /* CardTableViewCell.swift */ = {isa = PBXFileReference; lastKnownFileType = sourcecode.swift; path = CardTableViewCell.swift; sourceTree = "<group>"; };
		F789766425CA91A9009DC5B9 /* CardView.swift */ = {isa = PBXFileReference; lastKnownFileType = sourcecode.swift; path = CardView.swift; sourceTree = "<group>"; };
		F789766825CAA3EB009DC5B9 /* CardViewModel.swift */ = {isa = PBXFileReference; lastKnownFileType = sourcecode.swift; path = CardViewModel.swift; sourceTree = "<group>"; };
		F789766D25CAC06B009DC5B9 /* Observable.swift */ = {isa = PBXFileReference; lastKnownFileType = sourcecode.swift; path = Observable.swift; sourceTree = "<group>"; };
		F7C18A0E25C023C000317C69 /* DecksTableViewCell.swift */ = {isa = PBXFileReference; lastKnownFileType = sourcecode.swift; path = DecksTableViewCell.swift; sourceTree = "<group>"; };
		F7C18A1325C026E200317C69 /* DeckCollectionViewCell.swift */ = {isa = PBXFileReference; lastKnownFileType = sourcecode.swift; path = DeckCollectionViewCell.swift; sourceTree = "<group>"; };
		F7DDFF7E25BAAA9200BF9D75 /* MemoryCard.app */ = {isa = PBXFileReference; explicitFileType = wrapper.application; includeInIndex = 0; path = MemoryCard.app; sourceTree = BUILT_PRODUCTS_DIR; };
		F7DDFF8125BAAA9200BF9D75 /* AppDelegate.swift */ = {isa = PBXFileReference; lastKnownFileType = sourcecode.swift; path = AppDelegate.swift; sourceTree = "<group>"; };
		F7DDFF8325BAAA9200BF9D75 /* SceneDelegate.swift */ = {isa = PBXFileReference; lastKnownFileType = sourcecode.swift; path = SceneDelegate.swift; sourceTree = "<group>"; };
		F7DDFF8A25BAAA9700BF9D75 /* Assets.xcassets */ = {isa = PBXFileReference; lastKnownFileType = folder.assetcatalog; path = Assets.xcassets; sourceTree = "<group>"; };
		F7DDFF8D25BAAA9700BF9D75 /* Base */ = {isa = PBXFileReference; lastKnownFileType = file.storyboard; name = Base; path = Base.lproj/LaunchScreen.storyboard; sourceTree = "<group>"; };
		F7DDFF8F25BAAA9700BF9D75 /* Info.plist */ = {isa = PBXFileReference; lastKnownFileType = text.plist.xml; path = Info.plist; sourceTree = "<group>"; };
		F7E3DAC625BC0ECF0077A732 /* PersistenceManager.swift */ = {isa = PBXFileReference; lastKnownFileType = sourcecode.swift; path = PersistenceManager.swift; sourceTree = "<group>"; };
/* End PBXFileReference section */

/* Begin PBXFrameworksBuildPhase section */
		F7DDFF7B25BAAA9200BF9D75 /* Frameworks */ = {
			isa = PBXFrameworksBuildPhase;
			buildActionMask = 2147483647;
			files = (
			);
			runOnlyForDeploymentPostprocessing = 0;
		};
/* End PBXFrameworksBuildPhase section */

/* Begin PBXGroup section */
		F703CBD725C3FEA4001BDC4A /* Extensions */ = {
			isa = PBXGroup;
			children = (
				F703CBD825C3FECD001BDC4A /* UIView+embed().swift */,
			);
			path = Extensions;
			sourceTree = "<group>";
		};
		F706189825C0001400E871C5 /* View */ = {
			isa = PBXGroup;
			children = (
				F706189525BFFF6700E871C5 /* HomeViewController.swift */,
				F7C18A0E25C023C000317C69 /* DecksTableViewCell.swift */,
				F7C18A1325C026E200317C69 /* DeckCollectionViewCell.swift */,
				F703CBD425C3FD8D001BDC4A /* CardsViewController.swift */,
				F78048E925C4279F00A2EDEC /* CardTableViewCell.swift */,
				F789766425CA91A9009DC5B9 /* CardView.swift */,
			);
			path = View;
			sourceTree = "<group>";
		};
		F71F798C25BAFEB1009416EE /* Model */ = {
			isa = PBXGroup;
			children = (
				F71F799025BB07AF009416EE /* Model.xcdatamodeld */,
			);
			path = Model;
			sourceTree = "<group>";
		};
		F789766725CAA3DC009DC5B9 /* ViewModel */ = {
			isa = PBXGroup;
			children = (
				F789766825CAA3EB009DC5B9 /* CardViewModel.swift */,
			);
			path = ViewModel;
			sourceTree = "<group>";
		};
		F7DDFF7525BAAA9200BF9D75 = {
			isa = PBXGroup;
			children = (
				F7DDFF8025BAAA9200BF9D75 /* MemoryCard */,
				F7DDFF7F25BAAA9200BF9D75 /* Products */,
			);
			sourceTree = "<group>";
		};
		F7DDFF7F25BAAA9200BF9D75 /* Products */ = {
			isa = PBXGroup;
			children = (
				F7DDFF7E25BAAA9200BF9D75 /* MemoryCard.app */,
			);
			name = Products;
			sourceTree = "<group>";
		};
		F7DDFF8025BAAA9200BF9D75 /* MemoryCard */ = {
			isa = PBXGroup;
			children = (
				F789766725CAA3DC009DC5B9 /* ViewModel */,
				F706189825C0001400E871C5 /* View */,
				F7E3DAC525BC0BC30077A732 /* Utils */,
				F71F798C25BAFEB1009416EE /* Model */,
				F7DDFF8125BAAA9200BF9D75 /* AppDelegate.swift */,
				F7DDFF8325BAAA9200BF9D75 /* SceneDelegate.swift */,
				F7DDFF8A25BAAA9700BF9D75 /* Assets.xcassets */,
				F7DDFF8C25BAAA9700BF9D75 /* LaunchScreen.storyboard */,
				F7DDFF8F25BAAA9700BF9D75 /* Info.plist */,
			);
			path = MemoryCard;
			sourceTree = "<group>";
		};
		F7E3DAC525BC0BC30077A732 /* Utils */ = {
			isa = PBXGroup;
			children = (
				F703CBD725C3FEA4001BDC4A /* Extensions */,
				F7E3DAC625BC0ECF0077A732 /* PersistenceManager.swift */,
				F78048E525C408E100A2EDEC /* CardsFetchedResultsDataSource.swift */,
				F789766D25CAC06B009DC5B9 /* Observable.swift */,
			);
			path = Utils;
			sourceTree = "<group>";
		};
/* End PBXGroup section */

/* Begin PBXNativeTarget section */
		F7DDFF7D25BAAA9200BF9D75 /* MemoryCard */ = {
			isa = PBXNativeTarget;
			buildConfigurationList = F7DDFF9225BAAA9700BF9D75 /* Build configuration list for PBXNativeTarget "MemoryCard" */;
			buildPhases = (
				F7DDFF7A25BAAA9200BF9D75 /* Sources */,
				F7DDFF7B25BAAA9200BF9D75 /* Frameworks */,
				F7DDFF7C25BAAA9200BF9D75 /* Resources */,
			);
			buildRules = (
			);
			dependencies = (
			);
			name = MemoryCard;
			productName = MemoryCard;
			productReference = F7DDFF7E25BAAA9200BF9D75 /* MemoryCard.app */;
			productType = "com.apple.product-type.application";
		};
/* End PBXNativeTarget section */

/* Begin PBXProject section */
		F7DDFF7625BAAA9200BF9D75 /* Project object */ = {
			isa = PBXProject;
			attributes = {
				LastSwiftUpdateCheck = 1230;
				LastUpgradeCheck = 1230;
				TargetAttributes = {
					F7DDFF7D25BAAA9200BF9D75 = {
						CreatedOnToolsVersion = 12.3;
					};
				};
			};
			buildConfigurationList = F7DDFF7925BAAA9200BF9D75 /* Build configuration list for PBXProject "MemoryCard" */;
			compatibilityVersion = "Xcode 9.3";
			developmentRegion = en;
			hasScannedForEncodings = 0;
			knownRegions = (
				en,
				Base,
			);
			mainGroup = F7DDFF7525BAAA9200BF9D75;
			productRefGroup = F7DDFF7F25BAAA9200BF9D75 /* Products */;
			projectDirPath = "";
			projectRoot = "";
			targets = (
				F7DDFF7D25BAAA9200BF9D75 /* MemoryCard */,
			);
		};
/* End PBXProject section */

/* Begin PBXResourcesBuildPhase section */
		F7DDFF7C25BAAA9200BF9D75 /* Resources */ = {
			isa = PBXResourcesBuildPhase;
			buildActionMask = 2147483647;
			files = (
				F7DDFF8E25BAAA9700BF9D75 /* LaunchScreen.storyboard in Resources */,
				F7DDFF8B25BAAA9700BF9D75 /* Assets.xcassets in Resources */,
			);
			runOnlyForDeploymentPostprocessing = 0;
		};
/* End PBXResourcesBuildPhase section */

/* Begin PBXSourcesBuildPhase section */
		F7DDFF7A25BAAA9200BF9D75 /* Sources */ = {
			isa = PBXSourcesBuildPhase;
			buildActionMask = 2147483647;
			files = (
				F703CBD525C3FD8D001BDC4A /* CardsViewController.swift in Sources */,
				F78048EA25C4279F00A2EDEC /* CardTableViewCell.swift in Sources */,
				F7E3DAC725BC0ECF0077A732 /* PersistenceManager.swift in Sources */,
				F7DDFF8225BAAA9200BF9D75 /* AppDelegate.swift in Sources */,
				F7DDFF8425BAAA9200BF9D75 /* SceneDelegate.swift in Sources */,
				F71F799225BB07AF009416EE /* Model.xcdatamodeld in Sources */,
				F703CBD925C3FECD001BDC4A /* UIView+embed().swift in Sources */,
				F7C18A1425C026E200317C69 /* DeckCollectionViewCell.swift in Sources */,
				F789766925CAA3EB009DC5B9 /* CardViewModel.swift in Sources */,
				F706189625BFFF6700E871C5 /* HomeViewController.swift in Sources */,
				F789766E25CAC06B009DC5B9 /* Observable.swift in Sources */,
				F7C18A0F25C023C000317C69 /* DecksTableViewCell.swift in Sources */,
				F789766525CA91A9009DC5B9 /* CardView.swift in Sources */,
				F78048E625C408E100A2EDEC /* CardsFetchedResultsDataSource.swift in Sources */,
			);
			runOnlyForDeploymentPostprocessing = 0;
		};
/* End PBXSourcesBuildPhase section */

/* Begin PBXVariantGroup section */
		F7DDFF8C25BAAA9700BF9D75 /* LaunchScreen.storyboard */ = {
			isa = PBXVariantGroup;
			children = (
				F7DDFF8D25BAAA9700BF9D75 /* Base */,
			);
			name = LaunchScreen.storyboard;
			sourceTree = "<group>";
		};
/* End PBXVariantGroup section */

/* Begin XCBuildConfiguration section */
		F7DDFF9025BAAA9700BF9D75 /* Debug */ = {
			isa = XCBuildConfiguration;
			buildSettings = {
				ALWAYS_SEARCH_USER_PATHS = NO;
				CLANG_ANALYZER_NONNULL = YES;
				CLANG_ANALYZER_NUMBER_OBJECT_CONVERSION = YES_AGGRESSIVE;
				CLANG_CXX_LANGUAGE_STANDARD = "gnu++14";
				CLANG_CXX_LIBRARY = "libc++";
				CLANG_ENABLE_MODULES = YES;
				CLANG_ENABLE_OBJC_ARC = YES;
				CLANG_ENABLE_OBJC_WEAK = YES;
				CLANG_WARN_BLOCK_CAPTURE_AUTORELEASING = YES;
				CLANG_WARN_BOOL_CONVERSION = YES;
				CLANG_WARN_COMMA = YES;
				CLANG_WARN_CONSTANT_CONVERSION = YES;
				CLANG_WARN_DEPRECATED_OBJC_IMPLEMENTATIONS = YES;
				CLANG_WARN_DIRECT_OBJC_ISA_USAGE = YES_ERROR;
				CLANG_WARN_DOCUMENTATION_COMMENTS = YES;
				CLANG_WARN_EMPTY_BODY = YES;
				CLANG_WARN_ENUM_CONVERSION = YES;
				CLANG_WARN_INFINITE_RECURSION = YES;
				CLANG_WARN_INT_CONVERSION = YES;
				CLANG_WARN_NON_LITERAL_NULL_CONVERSION = YES;
				CLANG_WARN_OBJC_IMPLICIT_RETAIN_SELF = YES;
				CLANG_WARN_OBJC_LITERAL_CONVERSION = YES;
				CLANG_WARN_OBJC_ROOT_CLASS = YES_ERROR;
				CLANG_WARN_QUOTED_INCLUDE_IN_FRAMEWORK_HEADER = YES;
				CLANG_WARN_RANGE_LOOP_ANALYSIS = YES;
				CLANG_WARN_STRICT_PROTOTYPES = YES;
				CLANG_WARN_SUSPICIOUS_MOVE = YES;
				CLANG_WARN_UNGUARDED_AVAILABILITY = YES_AGGRESSIVE;
				CLANG_WARN_UNREACHABLE_CODE = YES;
				CLANG_WARN__DUPLICATE_METHOD_MATCH = YES;
				COPY_PHASE_STRIP = NO;
				DEBUG_INFORMATION_FORMAT = dwarf;
				ENABLE_STRICT_OBJC_MSGSEND = YES;
				ENABLE_TESTABILITY = YES;
				GCC_C_LANGUAGE_STANDARD = gnu11;
				GCC_DYNAMIC_NO_PIC = NO;
				GCC_NO_COMMON_BLOCKS = YES;
				GCC_OPTIMIZATION_LEVEL = 0;
				GCC_PREPROCESSOR_DEFINITIONS = (
					"DEBUG=1",
					"$(inherited)",
				);
				GCC_WARN_64_TO_32_BIT_CONVERSION = YES;
				GCC_WARN_ABOUT_RETURN_TYPE = YES_ERROR;
				GCC_WARN_UNDECLARED_SELECTOR = YES;
				GCC_WARN_UNINITIALIZED_AUTOS = YES_AGGRESSIVE;
				GCC_WARN_UNUSED_FUNCTION = YES;
				GCC_WARN_UNUSED_VARIABLE = YES;
				IPHONEOS_DEPLOYMENT_TARGET = 14.3;
				MTL_ENABLE_DEBUG_INFO = INCLUDE_SOURCE;
				MTL_FAST_MATH = YES;
				ONLY_ACTIVE_ARCH = YES;
				SDKROOT = iphoneos;
				SWIFT_ACTIVE_COMPILATION_CONDITIONS = DEBUG;
				SWIFT_OPTIMIZATION_LEVEL = "-Onone";
			};
			name = Debug;
		};
		F7DDFF9125BAAA9700BF9D75 /* Release */ = {
			isa = XCBuildConfiguration;
			buildSettings = {
				ALWAYS_SEARCH_USER_PATHS = NO;
				CLANG_ANALYZER_NONNULL = YES;
				CLANG_ANALYZER_NUMBER_OBJECT_CONVERSION = YES_AGGRESSIVE;
				CLANG_CXX_LANGUAGE_STANDARD = "gnu++14";
				CLANG_CXX_LIBRARY = "libc++";
				CLANG_ENABLE_MODULES = YES;
				CLANG_ENABLE_OBJC_ARC = YES;
				CLANG_ENABLE_OBJC_WEAK = YES;
				CLANG_WARN_BLOCK_CAPTURE_AUTORELEASING = YES;
				CLANG_WARN_BOOL_CONVERSION = YES;
				CLANG_WARN_COMMA = YES;
				CLANG_WARN_CONSTANT_CONVERSION = YES;
				CLANG_WARN_DEPRECATED_OBJC_IMPLEMENTATIONS = YES;
				CLANG_WARN_DIRECT_OBJC_ISA_USAGE = YES_ERROR;
				CLANG_WARN_DOCUMENTATION_COMMENTS = YES;
				CLANG_WARN_EMPTY_BODY = YES;
				CLANG_WARN_ENUM_CONVERSION = YES;
				CLANG_WARN_INFINITE_RECURSION = YES;
				CLANG_WARN_INT_CONVERSION = YES;
				CLANG_WARN_NON_LITERAL_NULL_CONVERSION = YES;
				CLANG_WARN_OBJC_IMPLICIT_RETAIN_SELF = YES;
				CLANG_WARN_OBJC_LITERAL_CONVERSION = YES;
				CLANG_WARN_OBJC_ROOT_CLASS = YES_ERROR;
				CLANG_WARN_QUOTED_INCLUDE_IN_FRAMEWORK_HEADER = YES;
				CLANG_WARN_RANGE_LOOP_ANALYSIS = YES;
				CLANG_WARN_STRICT_PROTOTYPES = YES;
				CLANG_WARN_SUSPICIOUS_MOVE = YES;
				CLANG_WARN_UNGUARDED_AVAILABILITY = YES_AGGRESSIVE;
				CLANG_WARN_UNREACHABLE_CODE = YES;
				CLANG_WARN__DUPLICATE_METHOD_MATCH = YES;
				COPY_PHASE_STRIP = NO;
				DEBUG_INFORMATION_FORMAT = "dwarf-with-dsym";
				ENABLE_NS_ASSERTIONS = NO;
				ENABLE_STRICT_OBJC_MSGSEND = YES;
				GCC_C_LANGUAGE_STANDARD = gnu11;
				GCC_NO_COMMON_BLOCKS = YES;
				GCC_WARN_64_TO_32_BIT_CONVERSION = YES;
				GCC_WARN_ABOUT_RETURN_TYPE = YES_ERROR;
				GCC_WARN_UNDECLARED_SELECTOR = YES;
				GCC_WARN_UNINITIALIZED_AUTOS = YES_AGGRESSIVE;
				GCC_WARN_UNUSED_FUNCTION = YES;
				GCC_WARN_UNUSED_VARIABLE = YES;
				IPHONEOS_DEPLOYMENT_TARGET = 14.3;
				MTL_ENABLE_DEBUG_INFO = NO;
				MTL_FAST_MATH = YES;
				SDKROOT = iphoneos;
				SWIFT_COMPILATION_MODE = wholemodule;
				SWIFT_OPTIMIZATION_LEVEL = "-O";
				VALIDATE_PRODUCT = YES;
			};
			name = Release;
		};
		F7DDFF9325BAAA9700BF9D75 /* Debug */ = {
			isa = XCBuildConfiguration;
			buildSettings = {
				ASSETCATALOG_COMPILER_APPICON_NAME = AppIcon;
				ASSETCATALOG_COMPILER_GLOBAL_ACCENT_COLOR_NAME = AccentColor;
				CODE_SIGN_STYLE = Automatic;
				INFOPLIST_FILE = MemoryCard/Info.plist;
				LD_RUNPATH_SEARCH_PATHS = (
					"$(inherited)",
					"@executable_path/Frameworks",
				);
				PRODUCT_BUNDLE_IDENTIFIER = sagintayev.MemoryCard;
				PRODUCT_NAME = "$(TARGET_NAME)";
				SWIFT_VERSION = 5.0;
				TARGETED_DEVICE_FAMILY = "1,2";
			};
			name = Debug;
		};
		F7DDFF9425BAAA9700BF9D75 /* Release */ = {
			isa = XCBuildConfiguration;
			buildSettings = {
				ASSETCATALOG_COMPILER_APPICON_NAME = AppIcon;
				ASSETCATALOG_COMPILER_GLOBAL_ACCENT_COLOR_NAME = AccentColor;
				CODE_SIGN_STYLE = Automatic;
				INFOPLIST_FILE = MemoryCard/Info.plist;
				LD_RUNPATH_SEARCH_PATHS = (
					"$(inherited)",
					"@executable_path/Frameworks",
				);
				PRODUCT_BUNDLE_IDENTIFIER = sagintayev.MemoryCard;
				PRODUCT_NAME = "$(TARGET_NAME)";
				SWIFT_VERSION = 5.0;
				TARGETED_DEVICE_FAMILY = "1,2";
			};
			name = Release;
		};
/* End XCBuildConfiguration section */

/* Begin XCConfigurationList section */
		F7DDFF7925BAAA9200BF9D75 /* Build configuration list for PBXProject "MemoryCard" */ = {
			isa = XCConfigurationList;
			buildConfigurations = (
				F7DDFF9025BAAA9700BF9D75 /* Debug */,
				F7DDFF9125BAAA9700BF9D75 /* Release */,
			);
			defaultConfigurationIsVisible = 0;
			defaultConfigurationName = Release;
		};
		F7DDFF9225BAAA9700BF9D75 /* Build configuration list for PBXNativeTarget "MemoryCard" */ = {
			isa = XCConfigurationList;
			buildConfigurations = (
				F7DDFF9325BAAA9700BF9D75 /* Debug */,
				F7DDFF9425BAAA9700BF9D75 /* Release */,
			);
			defaultConfigurationIsVisible = 0;
			defaultConfigurationName = Release;
		};
/* End XCConfigurationList section */

/* Begin XCVersionGroup section */
		F71F799025BB07AF009416EE /* Model.xcdatamodeld */ = {
			isa = XCVersionGroup;
			children = (
				F71F799125BB07AF009416EE /* Model.xcdatamodel */,
			);
			currentVersion = F71F799125BB07AF009416EE /* Model.xcdatamodel */;
			path = Model.xcdatamodeld;
			sourceTree = "<group>";
			versionGroupType = wrapper.xcdatamodel;
		};
/* End XCVersionGroup section */
	};
	rootObject = F7DDFF7625BAAA9200BF9D75 /* Project object */;
}
